
Microsoft Visual Studio Solution File, Format Version 12.00
# Visual Studio Version 17
VisualStudioVersion = 17.8.34330.188
MinimumVisualStudioVersion = 10.0.40219.1
Project("{888888A0-9F3D-457C-B088-3A5042F75D52}") = "Registreerimine ja autoriseerimine", "Registreerimine ja autoriseerimine.pyproj", "{4276F21C-B0C0-4087-B61A-17F2CCBD2C41}"
EndProject
Global
	GlobalSection(SolutionConfigurationPlatforms) = preSolution
		Debug|Any CPU = Debug|Any CPU
		Release|Any CPU = Release|Any CPU
	EndGlobalSection
	GlobalSection(ProjectConfigurationPlatforms) = postSolution
		{4276F21C-B0C0-4087-B61A-17F2CCBD2C41}.Debug|Any CPU.ActiveCfg = Debug|Any CPU
		{4276F21C-B0C0-4087-B61A-17F2CCBD2C41}.Release|Any CPU.ActiveCfg = Release|Any CPU
	EndGlobalSection
	GlobalSection(SolutionProperties) = preSolution
		HideSolutionNode = FALSE
	EndGlobalSection
	GlobalSection(ExtensibilityGlobals) = postSolution
		SolutionGuid = {DC074009-58E0-410A-AE93-97731259A2CD}
	EndGlobalSection
EndGlobal
